// !$*UTF8*$!
{
	archiveVersion = 1;
	classes = {
	};
	objectVersion = 46;
	objects = {

/* Begin PBXBuildFile section */
		43737CE11B7F06F100835F8D /* MySentryPairingViewController.m in Sources */ = {isa = PBXBuildFile; fileRef = 43737CE01B7F06F100835F8D /* MySentryPairingViewController.m */; };
		43EC9DCB1B786C6200DB0D18 /* LaunchScreen.xib in Resources */ = {isa = PBXBuildFile; fileRef = 43EC9DCA1B786C6200DB0D18 /* LaunchScreen.xib */; };
		C126162C1B65E9BF001FAD87 /* RileyLinkDeviceViewController.m in Sources */ = {isa = PBXBuildFile; fileRef = C126162B1B65E9BF001FAD87 /* RileyLinkDeviceViewController.m */; };
		C12616321B65F4BC001FAD87 /* RileyLinkListTableViewController.m in Sources */ = {isa = PBXBuildFile; fileRef = C12616311B65F4BC001FAD87 /* RileyLinkListTableViewController.m */; };
		C126163C1B67CBC2001FAD87 /* RileyLinkTableViewCell.m in Sources */ = {isa = PBXBuildFile; fileRef = C126163B1B67CBC2001FAD87 /* RileyLinkTableViewCell.m */; };
		C12616441B685F0A001FAD87 /* CoreData.framework in Frameworks */ = {isa = PBXBuildFile; fileRef = C12616431B685F0A001FAD87 /* CoreData.framework */; };
		C126164B1B685F93001FAD87 /* RileyLink.xcdatamodeld in Sources */ = {isa = PBXBuildFile; fileRef = C12616491B685F93001FAD87 /* RileyLink.xcdatamodeld */; };
		C12616511B688D9C001FAD87 /* RileyLinkBLEDevice.m in Sources */ = {isa = PBXBuildFile; fileRef = C12616501B688D9C001FAD87 /* RileyLinkBLEDevice.m */; };
		C12616541B6892DB001FAD87 /* RileyLinkRecord.m in Sources */ = {isa = PBXBuildFile; fileRef = C12616531B6892DB001FAD87 /* RileyLinkRecord.m */; };
		C12616571B6A6130001FAD87 /* PacketLogViewController.m in Sources */ = {isa = PBXBuildFile; fileRef = C12616561B6A6130001FAD87 /* PacketLogViewController.m */; };
		C126165A1B6B2D20001FAD87 /* PacketTableViewCell.m in Sources */ = {isa = PBXBuildFile; fileRef = C12616591B6B2D20001FAD87 /* PacketTableViewCell.m */; };
		C126165D1B6C8076001FAD87 /* PacketGeneratorViewController.m in Sources */ = {isa = PBXBuildFile; fileRef = C126165C1B6C8076001FAD87 /* PacketGeneratorViewController.m */; };
		C12616671B76E8DC001FAD87 /* TPKeyboardAvoidingCollectionView.m in Sources */ = {isa = PBXBuildFile; fileRef = C12616601B76E8DC001FAD87 /* TPKeyboardAvoidingCollectionView.m */; };
		C12616681B76E8DC001FAD87 /* TPKeyboardAvoidingScrollView.m in Sources */ = {isa = PBXBuildFile; fileRef = C12616621B76E8DC001FAD87 /* TPKeyboardAvoidingScrollView.m */; };
		C12616691B76E8DC001FAD87 /* TPKeyboardAvoidingTableView.m in Sources */ = {isa = PBXBuildFile; fileRef = C12616641B76E8DC001FAD87 /* TPKeyboardAvoidingTableView.m */; };
		C126166A1B76E8DC001FAD87 /* UIScrollView+TPKeyboardAvoidingAdditions.m in Sources */ = {isa = PBXBuildFile; fileRef = C12616661B76E8DC001FAD87 /* UIScrollView+TPKeyboardAvoidingAdditions.m */; };
		C126166D1B76ECBA001FAD87 /* PumpChatViewController.m in Sources */ = {isa = PBXBuildFile; fileRef = C126166C1B76ECBA001FAD87 /* PumpChatViewController.m */; };
		C12616701B7790DF001FAD87 /* SendDataTask.m in Sources */ = {isa = PBXBuildFile; fileRef = C126166F1B7790DF001FAD87 /* SendDataTask.m */; };
		C1271B071A9A34E900B7C949 /* Log.m in Sources */ = {isa = PBXBuildFile; fileRef = C1271B061A9A34E900B7C949 /* Log.m */; };
		C12EA23B198B436800309FA4 /* Foundation.framework in Frameworks */ = {isa = PBXBuildFile; fileRef = C12EA23A198B436800309FA4 /* Foundation.framework */; };
		C12EA23D198B436800309FA4 /* CoreGraphics.framework in Frameworks */ = {isa = PBXBuildFile; fileRef = C12EA23C198B436800309FA4 /* CoreGraphics.framework */; };
		C12EA23F198B436800309FA4 /* UIKit.framework in Frameworks */ = {isa = PBXBuildFile; fileRef = C12EA23E198B436800309FA4 /* UIKit.framework */; };
		C12EA245198B436800309FA4 /* InfoPlist.strings in Resources */ = {isa = PBXBuildFile; fileRef = C12EA243198B436800309FA4 /* InfoPlist.strings */; };
		C12EA247198B436800309FA4 /* main.m in Sources */ = {isa = PBXBuildFile; fileRef = C12EA246198B436800309FA4 /* main.m */; };
		C12EA24B198B436800309FA4 /* AppDelegate.m in Sources */ = {isa = PBXBuildFile; fileRef = C12EA24A198B436800309FA4 /* AppDelegate.m */; };
		C12EA24D198B436800309FA4 /* Images.xcassets in Resources */ = {isa = PBXBuildFile; fileRef = C12EA24C198B436800309FA4 /* Images.xcassets */; };
		C12EA254198B436800309FA4 /* XCTest.framework in Frameworks */ = {isa = PBXBuildFile; fileRef = C12EA253198B436800309FA4 /* XCTest.framework */; };
		C12EA255198B436800309FA4 /* Foundation.framework in Frameworks */ = {isa = PBXBuildFile; fileRef = C12EA23A198B436800309FA4 /* Foundation.framework */; };
		C12EA256198B436900309FA4 /* UIKit.framework in Frameworks */ = {isa = PBXBuildFile; fileRef = C12EA23E198B436800309FA4 /* UIKit.framework */; };
		C12EA25E198B436900309FA4 /* InfoPlist.strings in Resources */ = {isa = PBXBuildFile; fileRef = C12EA25C198B436900309FA4 /* InfoPlist.strings */; };
		C12EA260198B436900309FA4 /* GlucoseLinkTests.m in Sources */ = {isa = PBXBuildFile; fileRef = C12EA25F198B436900309FA4 /* GlucoseLinkTests.m */; };
		C12EA26A198B442100309FA4 /* Storyboard.storyboard in Resources */ = {isa = PBXBuildFile; fileRef = C12EA269198B442100309FA4 /* Storyboard.storyboard */; };
		C12EA26D198B456D00309FA4 /* NightscoutWebView.m in Sources */ = {isa = PBXBuildFile; fileRef = C12EA26C198B456D00309FA4 /* NightscoutWebView.m */; };
		C13DB3A51B1583E900121E02 /* MessageBase.m in Sources */ = {isa = PBXBuildFile; fileRef = C13DB3A41B1583E900121E02 /* MessageBase.m */; };
		C14AA33B1B1A2FB100299A55 /* MeterMessage.m in Sources */ = {isa = PBXBuildFile; fileRef = C14AA33A1B1A2FB100299A55 /* MeterMessage.m */; };
		C1743CDF199D374500ED623E /* PumpStatusMessage.m in Sources */ = {isa = PBXBuildFile; fileRef = C1743CDE199D374500ED623E /* PumpStatusMessage.m */; };
		C174F26B19EB824D00398C72 /* ISO8601DateFormatter.m in Sources */ = {isa = PBXBuildFile; fileRef = C174F26A19EB824D00398C72 /* ISO8601DateFormatter.m */; settings = {COMPILER_FLAGS = "-fno-objc-arc"; }; };
		C1A47EBF1B117DE900756B99 /* NightScoutUploader.m in Sources */ = {isa = PBXBuildFile; fileRef = C1A47EBE1B117DE900756B99 /* NightScoutUploader.m */; };
		C1A47EC21B1190D800756B99 /* NSString+Hashes.m in Sources */ = {isa = PBXBuildFile; fileRef = C1A47EC11B1190D800756B99 /* NSString+Hashes.m */; };
		C1AA39941AB6804000BC9E33 /* UIAlertView+Blocks.m in Sources */ = {isa = PBXBuildFile; fileRef = C1AA39931AB6804000BC9E33 /* UIAlertView+Blocks.m */; };
		C1E535EA1991E36700C2AC49 /* NSData+Conversion.m in Sources */ = {isa = PBXBuildFile; fileRef = C1E535E91991E36700C2AC49 /* NSData+Conversion.m */; };
		C1E535ED1991E49600C2AC49 /* RileyLinkBLEManager.m in Sources */ = {isa = PBXBuildFile; fileRef = C1E535EC1991E49600C2AC49 /* RileyLinkBLEManager.m */; };
		C1E535F01991E6A200C2AC49 /* MinimedPacket.m in Sources */ = {isa = PBXBuildFile; fileRef = C1E535EF1991E6A200C2AC49 /* MinimedPacket.m */; };
		C1EF58851B3E5DA4001C8C80 /* ConfigureViewController.m in Sources */ = {isa = PBXBuildFile; fileRef = C1EF58841B3E5DA4001C8C80 /* ConfigureViewController.m */; };
		C1EF58881B3F93FE001C8C80 /* Config.m in Sources */ = {isa = PBXBuildFile; fileRef = C1EF58871B3F93FE001C8C80 /* Config.m */; };
		C1EF588C1B3F9748001C8C80 /* SWRevealViewController.m in Sources */ = {isa = PBXBuildFile; fileRef = C1EF588A1B3F9748001C8C80 /* SWRevealViewController.m */; };
		C1EF58971B3FA462001C8C80 /* MenuController.m in Sources */ = {isa = PBXBuildFile; fileRef = C1EF58961B3FA462001C8C80 /* MenuController.m */; };
		C1EF589E1B3FBFE7001C8C80 /* MainAppViewController.m in Sources */ = {isa = PBXBuildFile; fileRef = C1EF589D1B3FBFE7001C8C80 /* MainAppViewController.m */; };
/* End PBXBuildFile section */

/* Begin PBXContainerItemProxy section */
		C12EA257198B436900309FA4 /* PBXContainerItemProxy */ = {
			isa = PBXContainerItemProxy;
			containerPortal = C12EA22F198B436800309FA4 /* Project object */;
			proxyType = 1;
			remoteGlobalIDString = C12EA236198B436800309FA4;
			remoteInfo = GlucoseLink;
		};
/* End PBXContainerItemProxy section */

/* Begin PBXFileReference section */
		43737CDF1B7F06F100835F8D /* MySentryPairingViewController.h */ = {isa = PBXFileReference; fileEncoding = 4; lastKnownFileType = sourcecode.c.h; path = MySentryPairingViewController.h; sourceTree = "<group>"; };
		43737CE01B7F06F100835F8D /* MySentryPairingViewController.m */ = {isa = PBXFileReference; fileEncoding = 4; lastKnownFileType = sourcecode.c.objc; path = MySentryPairingViewController.m; sourceTree = "<group>"; };
		43EC9DCA1B786C6200DB0D18 /* LaunchScreen.xib */ = {isa = PBXFileReference; fileEncoding = 4; lastKnownFileType = file.xib; path = LaunchScreen.xib; sourceTree = "<group>"; };
		C126162A1B65E9BF001FAD87 /* RileyLinkDeviceViewController.h */ = {isa = PBXFileReference; fileEncoding = 4; lastKnownFileType = sourcecode.c.h; path = RileyLinkDeviceViewController.h; sourceTree = "<group>"; };
		C126162B1B65E9BF001FAD87 /* RileyLinkDeviceViewController.m */ = {isa = PBXFileReference; fileEncoding = 4; lastKnownFileType = sourcecode.c.objc; path = RileyLinkDeviceViewController.m; sourceTree = "<group>"; };
		C12616301B65F4BC001FAD87 /* RileyLinkListTableViewController.h */ = {isa = PBXFileReference; fileEncoding = 4; lastKnownFileType = sourcecode.c.h; path = RileyLinkListTableViewController.h; sourceTree = "<group>"; };
		C12616311B65F4BC001FAD87 /* RileyLinkListTableViewController.m */ = {isa = PBXFileReference; fileEncoding = 4; lastKnownFileType = sourcecode.c.objc; path = RileyLinkListTableViewController.m; sourceTree = "<group>"; };
		C126163A1B67CBC2001FAD87 /* RileyLinkTableViewCell.h */ = {isa = PBXFileReference; fileEncoding = 4; lastKnownFileType = sourcecode.c.h; path = RileyLinkTableViewCell.h; sourceTree = "<group>"; };
		C126163B1B67CBC2001FAD87 /* RileyLinkTableViewCell.m */ = {isa = PBXFileReference; fileEncoding = 4; lastKnownFileType = sourcecode.c.objc; path = RileyLinkTableViewCell.m; sourceTree = "<group>"; };
		C12616431B685F0A001FAD87 /* CoreData.framework */ = {isa = PBXFileReference; lastKnownFileType = wrapper.framework; name = CoreData.framework; path = System/Library/Frameworks/CoreData.framework; sourceTree = SDKROOT; };
		C126164A1B685F93001FAD87 /* RileyLink.xcdatamodel */ = {isa = PBXFileReference; lastKnownFileType = wrapper.xcdatamodel; path = RileyLink.xcdatamodel; sourceTree = "<group>"; };
		C126164F1B688D9C001FAD87 /* RileyLinkBLEDevice.h */ = {isa = PBXFileReference; fileEncoding = 4; lastKnownFileType = sourcecode.c.h; path = RileyLinkBLEDevice.h; sourceTree = "<group>"; };
		C12616501B688D9C001FAD87 /* RileyLinkBLEDevice.m */ = {isa = PBXFileReference; fileEncoding = 4; lastKnownFileType = sourcecode.c.objc; path = RileyLinkBLEDevice.m; sourceTree = "<group>"; };
		C12616521B6892DB001FAD87 /* RileyLinkRecord.h */ = {isa = PBXFileReference; fileEncoding = 4; lastKnownFileType = sourcecode.c.h; path = RileyLinkRecord.h; sourceTree = "<group>"; };
		C12616531B6892DB001FAD87 /* RileyLinkRecord.m */ = {isa = PBXFileReference; fileEncoding = 4; lastKnownFileType = sourcecode.c.objc; path = RileyLinkRecord.m; sourceTree = "<group>"; };
		C12616551B6A6130001FAD87 /* PacketLogViewController.h */ = {isa = PBXFileReference; fileEncoding = 4; lastKnownFileType = sourcecode.c.h; path = PacketLogViewController.h; sourceTree = "<group>"; };
		C12616561B6A6130001FAD87 /* PacketLogViewController.m */ = {isa = PBXFileReference; fileEncoding = 4; lastKnownFileType = sourcecode.c.objc; path = PacketLogViewController.m; sourceTree = "<group>"; };
		C12616581B6B2D20001FAD87 /* PacketTableViewCell.h */ = {isa = PBXFileReference; fileEncoding = 4; lastKnownFileType = sourcecode.c.h; path = PacketTableViewCell.h; sourceTree = "<group>"; };
		C12616591B6B2D20001FAD87 /* PacketTableViewCell.m */ = {isa = PBXFileReference; fileEncoding = 4; lastKnownFileType = sourcecode.c.objc; path = PacketTableViewCell.m; sourceTree = "<group>"; };
		C126165B1B6C8076001FAD87 /* PacketGeneratorViewController.h */ = {isa = PBXFileReference; fileEncoding = 4; lastKnownFileType = sourcecode.c.h; path = PacketGeneratorViewController.h; sourceTree = "<group>"; };
		C126165C1B6C8076001FAD87 /* PacketGeneratorViewController.m */ = {isa = PBXFileReference; fileEncoding = 4; lastKnownFileType = sourcecode.c.objc; path = PacketGeneratorViewController.m; sourceTree = "<group>"; };
		C126165F1B76E8DC001FAD87 /* TPKeyboardAvoidingCollectionView.h */ = {isa = PBXFileReference; fileEncoding = 4; lastKnownFileType = sourcecode.c.h; path = TPKeyboardAvoidingCollectionView.h; sourceTree = "<group>"; };
		C12616601B76E8DC001FAD87 /* TPKeyboardAvoidingCollectionView.m */ = {isa = PBXFileReference; fileEncoding = 4; lastKnownFileType = sourcecode.c.objc; path = TPKeyboardAvoidingCollectionView.m; sourceTree = "<group>"; };
		C12616611B76E8DC001FAD87 /* TPKeyboardAvoidingScrollView.h */ = {isa = PBXFileReference; fileEncoding = 4; lastKnownFileType = sourcecode.c.h; path = TPKeyboardAvoidingScrollView.h; sourceTree = "<group>"; };
		C12616621B76E8DC001FAD87 /* TPKeyboardAvoidingScrollView.m */ = {isa = PBXFileReference; fileEncoding = 4; lastKnownFileType = sourcecode.c.objc; path = TPKeyboardAvoidingScrollView.m; sourceTree = "<group>"; };
		C12616631B76E8DC001FAD87 /* TPKeyboardAvoidingTableView.h */ = {isa = PBXFileReference; fileEncoding = 4; lastKnownFileType = sourcecode.c.h; path = TPKeyboardAvoidingTableView.h; sourceTree = "<group>"; };
		C12616641B76E8DC001FAD87 /* TPKeyboardAvoidingTableView.m */ = {isa = PBXFileReference; fileEncoding = 4; lastKnownFileType = sourcecode.c.objc; path = TPKeyboardAvoidingTableView.m; sourceTree = "<group>"; };
		C12616651B76E8DC001FAD87 /* UIScrollView+TPKeyboardAvoidingAdditions.h */ = {isa = PBXFileReference; fileEncoding = 4; lastKnownFileType = sourcecode.c.h; path = "UIScrollView+TPKeyboardAvoidingAdditions.h"; sourceTree = "<group>"; };
		C12616661B76E8DC001FAD87 /* UIScrollView+TPKeyboardAvoidingAdditions.m */ = {isa = PBXFileReference; fileEncoding = 4; lastKnownFileType = sourcecode.c.objc; path = "UIScrollView+TPKeyboardAvoidingAdditions.m"; sourceTree = "<group>"; };
		C126166B1B76ECBA001FAD87 /* PumpChatViewController.h */ = {isa = PBXFileReference; fileEncoding = 4; lastKnownFileType = sourcecode.c.h; path = PumpChatViewController.h; sourceTree = "<group>"; };
		C126166C1B76ECBA001FAD87 /* PumpChatViewController.m */ = {isa = PBXFileReference; fileEncoding = 4; lastKnownFileType = sourcecode.c.objc; path = PumpChatViewController.m; sourceTree = "<group>"; };
		C126166E1B7790DF001FAD87 /* SendDataTask.h */ = {isa = PBXFileReference; fileEncoding = 4; lastKnownFileType = sourcecode.c.h; path = SendDataTask.h; sourceTree = "<group>"; };
		C126166F1B7790DF001FAD87 /* SendDataTask.m */ = {isa = PBXFileReference; fileEncoding = 4; lastKnownFileType = sourcecode.c.objc; path = SendDataTask.m; sourceTree = "<group>"; };
		C1271B061A9A34E900B7C949 /* Log.m */ = {isa = PBXFileReference; fileEncoding = 4; lastKnownFileType = sourcecode.c.objc; path = Log.m; sourceTree = "<group>"; };
		C1271B081A9A350400B7C949 /* Log.h */ = {isa = PBXFileReference; lastKnownFileType = sourcecode.c.h; path = Log.h; sourceTree = "<group>"; };
		C12EA237198B436800309FA4 /* RileyLink.app */ = {isa = PBXFileReference; explicitFileType = wrapper.application; includeInIndex = 0; path = RileyLink.app; sourceTree = BUILT_PRODUCTS_DIR; };
		C12EA23A198B436800309FA4 /* Foundation.framework */ = {isa = PBXFileReference; lastKnownFileType = wrapper.framework; name = Foundation.framework; path = System/Library/Frameworks/Foundation.framework; sourceTree = SDKROOT; };
		C12EA23C198B436800309FA4 /* CoreGraphics.framework */ = {isa = PBXFileReference; lastKnownFileType = wrapper.framework; name = CoreGraphics.framework; path = System/Library/Frameworks/CoreGraphics.framework; sourceTree = SDKROOT; };
		C12EA23E198B436800309FA4 /* UIKit.framework */ = {isa = PBXFileReference; lastKnownFileType = wrapper.framework; name = UIKit.framework; path = System/Library/Frameworks/UIKit.framework; sourceTree = SDKROOT; };
		C12EA242198B436800309FA4 /* RileyLink-Info.plist */ = {isa = PBXFileReference; lastKnownFileType = text.plist.xml; path = "RileyLink-Info.plist"; sourceTree = "<group>"; };
		C12EA244198B436800309FA4 /* en */ = {isa = PBXFileReference; lastKnownFileType = text.plist.strings; name = en; path = en.lproj/InfoPlist.strings; sourceTree = "<group>"; };
		C12EA246198B436800309FA4 /* main.m */ = {isa = PBXFileReference; lastKnownFileType = sourcecode.c.objc; path = main.m; sourceTree = "<group>"; };
		C12EA248198B436800309FA4 /* RileyLink-Prefix.pch */ = {isa = PBXFileReference; lastKnownFileType = sourcecode.c.h; path = "RileyLink-Prefix.pch"; sourceTree = "<group>"; };
		C12EA249198B436800309FA4 /* AppDelegate.h */ = {isa = PBXFileReference; lastKnownFileType = sourcecode.c.h; path = AppDelegate.h; sourceTree = "<group>"; };
		C12EA24A198B436800309FA4 /* AppDelegate.m */ = {isa = PBXFileReference; lastKnownFileType = sourcecode.c.objc; path = AppDelegate.m; sourceTree = "<group>"; };
		C12EA24C198B436800309FA4 /* Images.xcassets */ = {isa = PBXFileReference; lastKnownFileType = folder.assetcatalog; path = Images.xcassets; sourceTree = "<group>"; };
		C12EA252198B436800309FA4 /* RileyLinkTests.xctest */ = {isa = PBXFileReference; explicitFileType = wrapper.cfbundle; includeInIndex = 0; path = RileyLinkTests.xctest; sourceTree = BUILT_PRODUCTS_DIR; };
		C12EA253198B436800309FA4 /* XCTest.framework */ = {isa = PBXFileReference; lastKnownFileType = wrapper.framework; name = XCTest.framework; path = Library/Frameworks/XCTest.framework; sourceTree = DEVELOPER_DIR; };
		C12EA25B198B436900309FA4 /* RileyLinkTests-Info.plist */ = {isa = PBXFileReference; lastKnownFileType = text.plist.xml; path = "RileyLinkTests-Info.plist"; sourceTree = "<group>"; };
		C12EA25D198B436900309FA4 /* en */ = {isa = PBXFileReference; lastKnownFileType = text.plist.strings; name = en; path = en.lproj/InfoPlist.strings; sourceTree = "<group>"; };
		C12EA25F198B436900309FA4 /* GlucoseLinkTests.m */ = {isa = PBXFileReference; lastKnownFileType = sourcecode.c.objc; path = GlucoseLinkTests.m; sourceTree = "<group>"; };
		C12EA269198B442100309FA4 /* Storyboard.storyboard */ = {isa = PBXFileReference; fileEncoding = 4; lastKnownFileType = file.storyboard; path = Storyboard.storyboard; sourceTree = "<group>"; };
		C12EA26B198B456D00309FA4 /* NightscoutWebView.h */ = {isa = PBXFileReference; fileEncoding = 4; lastKnownFileType = sourcecode.c.h; path = NightscoutWebView.h; sourceTree = "<group>"; };
		C12EA26C198B456D00309FA4 /* NightscoutWebView.m */ = {isa = PBXFileReference; fileEncoding = 4; lastKnownFileType = sourcecode.c.objc; path = NightscoutWebView.m; sourceTree = "<group>"; };
		C13DB3A31B1583E900121E02 /* MessageBase.h */ = {isa = PBXFileReference; fileEncoding = 4; lastKnownFileType = sourcecode.c.h; path = MessageBase.h; sourceTree = "<group>"; };
		C13DB3A41B1583E900121E02 /* MessageBase.m */ = {isa = PBXFileReference; fileEncoding = 4; lastKnownFileType = sourcecode.c.objc; path = MessageBase.m; sourceTree = "<group>"; };
		C14AA3391B1A2FB100299A55 /* MeterMessage.h */ = {isa = PBXFileReference; fileEncoding = 4; lastKnownFileType = sourcecode.c.h; path = MeterMessage.h; sourceTree = "<group>"; };
		C14AA33A1B1A2FB100299A55 /* MeterMessage.m */ = {isa = PBXFileReference; fileEncoding = 4; lastKnownFileType = sourcecode.c.objc; path = MeterMessage.m; sourceTree = "<group>"; };
		C1743CDD199D374500ED623E /* PumpStatusMessage.h */ = {isa = PBXFileReference; fileEncoding = 4; lastKnownFileType = sourcecode.c.h; path = PumpStatusMessage.h; sourceTree = "<group>"; };
		C1743CDE199D374500ED623E /* PumpStatusMessage.m */ = {isa = PBXFileReference; fileEncoding = 4; lastKnownFileType = sourcecode.c.objc; path = PumpStatusMessage.m; sourceTree = "<group>"; };
		C174F26919EB824D00398C72 /* ISO8601DateFormatter.h */ = {isa = PBXFileReference; fileEncoding = 4; lastKnownFileType = sourcecode.c.h; path = ISO8601DateFormatter.h; sourceTree = "<group>"; };
		C174F26A19EB824D00398C72 /* ISO8601DateFormatter.m */ = {isa = PBXFileReference; fileEncoding = 4; lastKnownFileType = sourcecode.c.objc; path = ISO8601DateFormatter.m; sourceTree = "<group>"; };
		C1A47EBD1B117DE900756B99 /* NightScoutUploader.h */ = {isa = PBXFileReference; fileEncoding = 4; lastKnownFileType = sourcecode.c.h; path = NightScoutUploader.h; sourceTree = "<group>"; };
		C1A47EBE1B117DE900756B99 /* NightScoutUploader.m */ = {isa = PBXFileReference; fileEncoding = 4; lastKnownFileType = sourcecode.c.objc; path = NightScoutUploader.m; sourceTree = "<group>"; };
		C1A47EC01B1190D800756B99 /* NSString+Hashes.h */ = {isa = PBXFileReference; fileEncoding = 4; lastKnownFileType = sourcecode.c.h; path = "NSString+Hashes.h"; sourceTree = "<group>"; };
		C1A47EC11B1190D800756B99 /* NSString+Hashes.m */ = {isa = PBXFileReference; fileEncoding = 4; lastKnownFileType = sourcecode.c.objc; path = "NSString+Hashes.m"; sourceTree = "<group>"; };
		C1AA39921AB6804000BC9E33 /* UIAlertView+Blocks.h */ = {isa = PBXFileReference; fileEncoding = 4; lastKnownFileType = sourcecode.c.h; path = "UIAlertView+Blocks.h"; sourceTree = "<group>"; };
		C1AA39931AB6804000BC9E33 /* UIAlertView+Blocks.m */ = {isa = PBXFileReference; fileEncoding = 4; lastKnownFileType = sourcecode.c.objc; path = "UIAlertView+Blocks.m"; sourceTree = "<group>"; };
		C1E535E81991E36700C2AC49 /* NSData+Conversion.h */ = {isa = PBXFileReference; fileEncoding = 4; lastKnownFileType = sourcecode.c.h; path = "NSData+Conversion.h"; sourceTree = "<group>"; };
		C1E535E91991E36700C2AC49 /* NSData+Conversion.m */ = {isa = PBXFileReference; fileEncoding = 4; lastKnownFileType = sourcecode.c.objc; path = "NSData+Conversion.m"; sourceTree = "<group>"; };
		C1E535EB1991E49600C2AC49 /* RileyLinkBLEManager.h */ = {isa = PBXFileReference; fileEncoding = 4; lastKnownFileType = sourcecode.c.h; path = RileyLinkBLEManager.h; sourceTree = "<group>"; };
		C1E535EC1991E49600C2AC49 /* RileyLinkBLEManager.m */ = {isa = PBXFileReference; fileEncoding = 4; lastKnownFileType = sourcecode.c.objc; path = RileyLinkBLEManager.m; sourceTree = "<group>"; };
		C1E535EE1991E6A200C2AC49 /* MinimedPacket.h */ = {isa = PBXFileReference; fileEncoding = 4; lastKnownFileType = sourcecode.c.h; path = MinimedPacket.h; sourceTree = "<group>"; };
		C1E535EF1991E6A200C2AC49 /* MinimedPacket.m */ = {isa = PBXFileReference; fileEncoding = 4; lastKnownFileType = sourcecode.c.objc; path = MinimedPacket.m; sourceTree = "<group>"; };
		C1EF58831B3E5DA4001C8C80 /* ConfigureViewController.h */ = {isa = PBXFileReference; fileEncoding = 4; lastKnownFileType = sourcecode.c.h; path = ConfigureViewController.h; sourceTree = "<group>"; };
		C1EF58841B3E5DA4001C8C80 /* ConfigureViewController.m */ = {isa = PBXFileReference; fileEncoding = 4; lastKnownFileType = sourcecode.c.objc; path = ConfigureViewController.m; sourceTree = "<group>"; };
		C1EF58861B3F93FE001C8C80 /* Config.h */ = {isa = PBXFileReference; fileEncoding = 4; lastKnownFileType = sourcecode.c.h; path = Config.h; sourceTree = "<group>"; };
		C1EF58871B3F93FE001C8C80 /* Config.m */ = {isa = PBXFileReference; fileEncoding = 4; lastKnownFileType = sourcecode.c.objc; path = Config.m; sourceTree = "<group>"; };
		C1EF588A1B3F9748001C8C80 /* SWRevealViewController.m */ = {isa = PBXFileReference; fileEncoding = 4; lastKnownFileType = sourcecode.c.objc; path = SWRevealViewController.m; sourceTree = "<group>"; };
		C1EF588B1B3F9748001C8C80 /* SWRevealViewController.h */ = {isa = PBXFileReference; fileEncoding = 4; lastKnownFileType = sourcecode.c.h; path = SWRevealViewController.h; sourceTree = "<group>"; };
		C1EF58951B3FA462001C8C80 /* MenuController.h */ = {isa = PBXFileReference; fileEncoding = 4; lastKnownFileType = sourcecode.c.h; path = MenuController.h; sourceTree = "<group>"; };
		C1EF58961B3FA462001C8C80 /* MenuController.m */ = {isa = PBXFileReference; fileEncoding = 4; lastKnownFileType = sourcecode.c.objc; path = MenuController.m; sourceTree = "<group>"; };
		C1EF589C1B3FBFE7001C8C80 /* MainAppViewController.h */ = {isa = PBXFileReference; fileEncoding = 4; lastKnownFileType = sourcecode.c.h; path = MainAppViewController.h; sourceTree = "<group>"; };
		C1EF589D1B3FBFE7001C8C80 /* MainAppViewController.m */ = {isa = PBXFileReference; fileEncoding = 4; lastKnownFileType = sourcecode.c.objc; path = MainAppViewController.m; sourceTree = "<group>"; };
/* End PBXFileReference section */

/* Begin PBXFrameworksBuildPhase section */
		C12EA234198B436800309FA4 /* Frameworks */ = {
			isa = PBXFrameworksBuildPhase;
			buildActionMask = 2147483647;
			files = (
				C12EA23D198B436800309FA4 /* CoreGraphics.framework in Frameworks */,
				C12EA23F198B436800309FA4 /* UIKit.framework in Frameworks */,
				C12EA23B198B436800309FA4 /* Foundation.framework in Frameworks */,
			);
			runOnlyForDeploymentPostprocessing = 0;
		};
		C12EA24F198B436800309FA4 /* Frameworks */ = {
			isa = PBXFrameworksBuildPhase;
			buildActionMask = 2147483647;
			files = (
				C12616441B685F0A001FAD87 /* CoreData.framework in Frameworks */,
				C12EA254198B436800309FA4 /* XCTest.framework in Frameworks */,
				C12EA256198B436900309FA4 /* UIKit.framework in Frameworks */,
				C12EA255198B436800309FA4 /* Foundation.framework in Frameworks */,
			);
			runOnlyForDeploymentPostprocessing = 0;
		};
/* End PBXFrameworksBuildPhase section */

/* Begin PBXGroup section */
		C12616391B67CB9C001FAD87 /* TableViewCells */ = {
			isa = PBXGroup;
			children = (
				C126163A1B67CBC2001FAD87 /* RileyLinkTableViewCell.h */,
				C126163B1B67CBC2001FAD87 /* RileyLinkTableViewCell.m */,
				C12616581B6B2D20001FAD87 /* PacketTableViewCell.h */,
				C12616591B6B2D20001FAD87 /* PacketTableViewCell.m */,
			);
			name = TableViewCells;
			sourceTree = "<group>";
		};
		C12616451B685F35001FAD87 /* CoreData */ = {
			isa = PBXGroup;
			children = (
				C12616521B6892DB001FAD87 /* RileyLinkRecord.h */,
				C12616531B6892DB001FAD87 /* RileyLinkRecord.m */,
				C12616491B685F93001FAD87 /* RileyLink.xcdatamodeld */,
			);
			name = CoreData;
			sourceTree = "<group>";
		};
		C126165E1B76E8DC001FAD87 /* TPKeyboardAvoiding */ = {
			isa = PBXGroup;
			children = (
				C126165F1B76E8DC001FAD87 /* TPKeyboardAvoidingCollectionView.h */,
				C12616601B76E8DC001FAD87 /* TPKeyboardAvoidingCollectionView.m */,
				C12616611B76E8DC001FAD87 /* TPKeyboardAvoidingScrollView.h */,
				C12616621B76E8DC001FAD87 /* TPKeyboardAvoidingScrollView.m */,
				C12616631B76E8DC001FAD87 /* TPKeyboardAvoidingTableView.h */,
				C12616641B76E8DC001FAD87 /* TPKeyboardAvoidingTableView.m */,
				C12616651B76E8DC001FAD87 /* UIScrollView+TPKeyboardAvoidingAdditions.h */,
				C12616661B76E8DC001FAD87 /* UIScrollView+TPKeyboardAvoidingAdditions.m */,
			);
			path = TPKeyboardAvoiding;
			sourceTree = "<group>";
		};
		C12964E91B1581D200516761 /* MinimedRF */ = {
			isa = PBXGroup;
			children = (
				C1E535EE1991E6A200C2AC49 /* MinimedPacket.h */,
				C1E535EF1991E6A200C2AC49 /* MinimedPacket.m */,
				C1743CDD199D374500ED623E /* PumpStatusMessage.h */,
				C1743CDE199D374500ED623E /* PumpStatusMessage.m */,
				C13DB3A31B1583E900121E02 /* MessageBase.h */,
				C13DB3A41B1583E900121E02 /* MessageBase.m */,
				C14AA3391B1A2FB100299A55 /* MeterMessage.h */,
				C14AA33A1B1A2FB100299A55 /* MeterMessage.m */,
			);
			name = MinimedRF;
			sourceTree = "<group>";
		};
		C12EA22E198B436800309FA4 = {
			isa = PBXGroup;
			children = (
				C12EA240198B436800309FA4 /* RileyLink */,
				C12EA239198B436800309FA4 /* Frameworks */,
				C12EA238198B436800309FA4 /* Products */,
			);
			sourceTree = "<group>";
		};
		C12EA238198B436800309FA4 /* Products */ = {
			isa = PBXGroup;
			children = (
				C12EA237198B436800309FA4 /* RileyLink.app */,
				C12EA252198B436800309FA4 /* RileyLinkTests.xctest */,
			);
			name = Products;
			sourceTree = "<group>";
		};
		C12EA239198B436800309FA4 /* Frameworks */ = {
			isa = PBXGroup;
			children = (
				C12616431B685F0A001FAD87 /* CoreData.framework */,
				C12EA23A198B436800309FA4 /* Foundation.framework */,
				C12EA23C198B436800309FA4 /* CoreGraphics.framework */,
				C12EA23E198B436800309FA4 /* UIKit.framework */,
				C12EA253198B436800309FA4 /* XCTest.framework */,
			);
			name = Frameworks;
			sourceTree = "<group>";
		};
		C12EA240198B436800309FA4 /* RileyLink */ = {
			isa = PBXGroup;
			children = (
				C126165E1B76E8DC001FAD87 /* TPKeyboardAvoiding */,
				C12616451B685F35001FAD87 /* CoreData */,
				C12616391B67CB9C001FAD87 /* TableViewCells */,
				C1EF589A1B3FBA32001C8C80 /* ViewControllers */,
				C1EF589B1B3FBA5D001C8C80 /* Nightscout */,
				C1EF58981B3FA7D1001C8C80 /* RileyLink */,
				C1EF58891B3F9730001C8C80 /* SWRevealViewController */,
				C12964E91B1581D200516761 /* MinimedRF */,
				C1AA398B1AB67F6A00BC9E33 /* Categories */,
				C174F26919EB824D00398C72 /* ISO8601DateFormatter.h */,
				C174F26A19EB824D00398C72 /* ISO8601DateFormatter.m */,
				C12EA249198B436800309FA4 /* AppDelegate.h */,
				C12EA24A198B436800309FA4 /* AppDelegate.m */,
				43EC9DCA1B786C6200DB0D18 /* LaunchScreen.xib */,
				C12EA269198B442100309FA4 /* Storyboard.storyboard */,
				C12EA24C198B436800309FA4 /* Images.xcassets */,
				C12EA241198B436800309FA4 /* Supporting Files */,
				C1271B061A9A34E900B7C949 /* Log.m */,
				C1271B081A9A350400B7C949 /* Log.h */,
				C1EF58861B3F93FE001C8C80 /* Config.h */,
				C1EF58871B3F93FE001C8C80 /* Config.m */,
			);
			name = RileyLink;
			path = GlucoseLink;
			sourceTree = "<group>";
		};
		C12EA241198B436800309FA4 /* Supporting Files */ = {
			isa = PBXGroup;
			children = (
				C12EA242198B436800309FA4 /* RileyLink-Info.plist */,
				C12EA243198B436800309FA4 /* InfoPlist.strings */,
				C12EA246198B436800309FA4 /* main.m */,
				C12EA248198B436800309FA4 /* RileyLink-Prefix.pch */,
				C12EA259198B436900309FA4 /* GlucoseLinkTests */,
			);
			name = "Supporting Files";
			sourceTree = "<group>";
		};
		C12EA259198B436900309FA4 /* GlucoseLinkTests */ = {
			isa = PBXGroup;
			children = (
				C12EA25F198B436900309FA4 /* GlucoseLinkTests.m */,
				C12EA25A198B436900309FA4 /* Supporting Files */,
			);
			path = GlucoseLinkTests;
			sourceTree = SOURCE_ROOT;
		};
		C12EA25A198B436900309FA4 /* Supporting Files */ = {
			isa = PBXGroup;
			children = (
				C12EA25B198B436900309FA4 /* RileyLinkTests-Info.plist */,
				C12EA25C198B436900309FA4 /* InfoPlist.strings */,
			);
			name = "Supporting Files";
			sourceTree = "<group>";
		};
		C1AA398B1AB67F6A00BC9E33 /* Categories */ = {
			isa = PBXGroup;
			children = (
				C1E535E81991E36700C2AC49 /* NSData+Conversion.h */,
				C1E535E91991E36700C2AC49 /* NSData+Conversion.m */,
				C1A47EC01B1190D800756B99 /* NSString+Hashes.h */,
				C1A47EC11B1190D800756B99 /* NSString+Hashes.m */,
				C1AA39921AB6804000BC9E33 /* UIAlertView+Blocks.h */,
				C1AA39931AB6804000BC9E33 /* UIAlertView+Blocks.m */,
			);
			name = Categories;
			sourceTree = "<group>";
		};
		C1EF58891B3F9730001C8C80 /* SWRevealViewController */ = {
			isa = PBXGroup;
			children = (
				C1EF588A1B3F9748001C8C80 /* SWRevealViewController.m */,
				C1EF588B1B3F9748001C8C80 /* SWRevealViewController.h */,
			);
			name = SWRevealViewController;
			sourceTree = "<group>";
		};
		C1EF58981B3FA7D1001C8C80 /* RileyLink */ = {
			isa = PBXGroup;
			children = (
				C1E535EB1991E49600C2AC49 /* RileyLinkBLEManager.h */,
				C1E535EC1991E49600C2AC49 /* RileyLinkBLEManager.m */,
				C126164F1B688D9C001FAD87 /* RileyLinkBLEDevice.h */,
				C12616501B688D9C001FAD87 /* RileyLinkBLEDevice.m */,
				C126166E1B7790DF001FAD87 /* SendDataTask.h */,
				C126166F1B7790DF001FAD87 /* SendDataTask.m */,
			);
			name = RileyLink;
			sourceTree = "<group>";
		};
		C1EF589A1B3FBA32001C8C80 /* ViewControllers */ = {
			isa = PBXGroup;
			children = (
				C1EF58831B3E5DA4001C8C80 /* ConfigureViewController.h */,
				C1EF58841B3E5DA4001C8C80 /* ConfigureViewController.m */,
				C1EF589C1B3FBFE7001C8C80 /* MainAppViewController.h */,
				C1EF589D1B3FBFE7001C8C80 /* MainAppViewController.m */,
				C1EF58951B3FA462001C8C80 /* MenuController.h */,
				C1EF58961B3FA462001C8C80 /* MenuController.m */,
				43737CDF1B7F06F100835F8D /* MySentryPairingViewController.h */,
				43737CE01B7F06F100835F8D /* MySentryPairingViewController.m */,
				C12EA26B198B456D00309FA4 /* NightscoutWebView.h */,
				C12EA26C198B456D00309FA4 /* NightscoutWebView.m */,
				C126165B1B6C8076001FAD87 /* PacketGeneratorViewController.h */,
				C126165C1B6C8076001FAD87 /* PacketGeneratorViewController.m */,
				C12616551B6A6130001FAD87 /* PacketLogViewController.h */,
				C12616561B6A6130001FAD87 /* PacketLogViewController.m */,
				C126166B1B76ECBA001FAD87 /* PumpChatViewController.h */,
				C126166C1B76ECBA001FAD87 /* PumpChatViewController.m */,
				C126162A1B65E9BF001FAD87 /* RileyLinkDeviceViewController.h */,
				C126162B1B65E9BF001FAD87 /* RileyLinkDeviceViewController.m */,
				C12616301B65F4BC001FAD87 /* RileyLinkListTableViewController.h */,
				C12616311B65F4BC001FAD87 /* RileyLinkListTableViewController.m */,
			);
			name = ViewControllers;
			sourceTree = "<group>";
		};
		C1EF589B1B3FBA5D001C8C80 /* Nightscout */ = {
			isa = PBXGroup;
			children = (
				C1A47EBD1B117DE900756B99 /* NightScoutUploader.h */,
				C1A47EBE1B117DE900756B99 /* NightScoutUploader.m */,
			);
			name = Nightscout;
			sourceTree = "<group>";
		};
/* End PBXGroup section */

/* Begin PBXNativeTarget section */
		C12EA236198B436800309FA4 /* RileyLink */ = {
			isa = PBXNativeTarget;
			buildConfigurationList = C12EA263198B436900309FA4 /* Build configuration list for PBXNativeTarget "RileyLink" */;
			buildPhases = (
				C12EA233198B436800309FA4 /* Sources */,
				C12EA234198B436800309FA4 /* Frameworks */,
				C12EA235198B436800309FA4 /* Resources */,
			);
			buildRules = (
			);
			dependencies = (
			);
			name = RileyLink;
			productName = GlucoseLink;
			productReference = C12EA237198B436800309FA4 /* RileyLink.app */;
			productType = "com.apple.product-type.application";
		};
		C12EA251198B436800309FA4 /* RileyLinkTests */ = {
			isa = PBXNativeTarget;
			buildConfigurationList = C12EA266198B436900309FA4 /* Build configuration list for PBXNativeTarget "RileyLinkTests" */;
			buildPhases = (
				C12EA24E198B436800309FA4 /* Sources */,
				C12EA24F198B436800309FA4 /* Frameworks */,
				C12EA250198B436800309FA4 /* Resources */,
			);
			buildRules = (
			);
			dependencies = (
				C12EA258198B436900309FA4 /* PBXTargetDependency */,
			);
			name = RileyLinkTests;
			productName = GlucoseLinkTests;
			productReference = C12EA252198B436800309FA4 /* RileyLinkTests.xctest */;
			productType = "com.apple.product-type.bundle.unit-test";
		};
/* End PBXNativeTarget section */

/* Begin PBXProject section */
		C12EA22F198B436800309FA4 /* Project object */ = {
			isa = PBXProject;
			attributes = {
				LastUpgradeCheck = 0510;
				ORGANIZATIONNAME = "Pete Schwamb";
				TargetAttributes = {
					C12EA236198B436800309FA4 = {
						DevelopmentTeam = UY678SP37Q;
					};
					C12EA251198B436800309FA4 = {
						TestTargetID = C12EA236198B436800309FA4;
					};
				};
			};
			buildConfigurationList = C12EA232198B436800309FA4 /* Build configuration list for PBXProject "RileyLink" */;
			compatibilityVersion = "Xcode 3.2";
			developmentRegion = English;
			hasScannedForEncodings = 0;
			knownRegions = (
				en,
			);
			mainGroup = C12EA22E198B436800309FA4;
			productRefGroup = C12EA238198B436800309FA4 /* Products */;
			projectDirPath = "";
			projectRoot = "";
			targets = (
				C12EA236198B436800309FA4 /* RileyLink */,
				C12EA251198B436800309FA4 /* RileyLinkTests */,
			);
		};
/* End PBXProject section */

/* Begin PBXResourcesBuildPhase section */
		C12EA235198B436800309FA4 /* Resources */ = {
			isa = PBXResourcesBuildPhase;
			buildActionMask = 2147483647;
			files = (
				43EC9DCB1B786C6200DB0D18 /* LaunchScreen.xib in Resources */,
				C12EA245198B436800309FA4 /* InfoPlist.strings in Resources */,
				C12EA24D198B436800309FA4 /* Images.xcassets in Resources */,
				C12EA26A198B442100309FA4 /* Storyboard.storyboard in Resources */,
			);
			runOnlyForDeploymentPostprocessing = 0;
		};
		C12EA250198B436800309FA4 /* Resources */ = {
			isa = PBXResourcesBuildPhase;
			buildActionMask = 2147483647;
			files = (
				C12EA25E198B436900309FA4 /* InfoPlist.strings in Resources */,
			);
			runOnlyForDeploymentPostprocessing = 0;
		};
/* End PBXResourcesBuildPhase section */

/* Begin PBXSourcesBuildPhase section */
		C12EA233198B436800309FA4 /* Sources */ = {
			isa = PBXSourcesBuildPhase;
			buildActionMask = 2147483647;
			files = (
				C12EA24B198B436800309FA4 /* AppDelegate.m in Sources */,
				C12616691B76E8DC001FAD87 /* TPKeyboardAvoidingTableView.m in Sources */,
				C12616681B76E8DC001FAD87 /* TPKeyboardAvoidingScrollView.m in Sources */,
				C1743CDF199D374500ED623E /* PumpStatusMessage.m in Sources */,
				C126166D1B76ECBA001FAD87 /* PumpChatViewController.m in Sources */,
				C12616321B65F4BC001FAD87 /* RileyLinkListTableViewController.m in Sources */,
				C1EF58971B3FA462001C8C80 /* MenuController.m in Sources */,
				C1EF58851B3E5DA4001C8C80 /* ConfigureViewController.m in Sources */,
				C1E535ED1991E49600C2AC49 /* RileyLinkBLEManager.m in Sources */,
				C12EA26D198B456D00309FA4 /* NightscoutWebView.m in Sources */,
				C12616541B6892DB001FAD87 /* RileyLinkRecord.m in Sources */,
				C13DB3A51B1583E900121E02 /* MessageBase.m in Sources */,
				C12616671B76E8DC001FAD87 /* TPKeyboardAvoidingCollectionView.m in Sources */,
				C12616511B688D9C001FAD87 /* RileyLinkBLEDevice.m in Sources */,
				C126165A1B6B2D20001FAD87 /* PacketTableViewCell.m in Sources */,
				C174F26B19EB824D00398C72 /* ISO8601DateFormatter.m in Sources */,
				C126166A1B76E8DC001FAD87 /* UIScrollView+TPKeyboardAvoidingAdditions.m in Sources */,
				C1E535F01991E6A200C2AC49 /* MinimedPacket.m in Sources */,
				C1AA39941AB6804000BC9E33 /* UIAlertView+Blocks.m in Sources */,
				C12616701B7790DF001FAD87 /* SendDataTask.m in Sources */,
				C126162C1B65E9BF001FAD87 /* RileyLinkDeviceViewController.m in Sources */,
				C1EF58881B3F93FE001C8C80 /* Config.m in Sources */,
				C126164B1B685F93001FAD87 /* RileyLink.xcdatamodeld in Sources */,
				C126165D1B6C8076001FAD87 /* PacketGeneratorViewController.m in Sources */,
				C12616571B6A6130001FAD87 /* PacketLogViewController.m in Sources */,
				C14AA33B1B1A2FB100299A55 /* MeterMessage.m in Sources */,
				43737CE11B7F06F100835F8D /* MySentryPairingViewController.m in Sources */,
				C1EF589E1B3FBFE7001C8C80 /* MainAppViewController.m in Sources */,
				C1EF588C1B3F9748001C8C80 /* SWRevealViewController.m in Sources */,
				C126163C1B67CBC2001FAD87 /* RileyLinkTableViewCell.m in Sources */,
				C1271B071A9A34E900B7C949 /* Log.m in Sources */,
				C1E535EA1991E36700C2AC49 /* NSData+Conversion.m in Sources */,
				C12EA247198B436800309FA4 /* main.m in Sources */,
				C1A47EBF1B117DE900756B99 /* NightScoutUploader.m in Sources */,
				C1A47EC21B1190D800756B99 /* NSString+Hashes.m in Sources */,
			);
			runOnlyForDeploymentPostprocessing = 0;
		};
		C12EA24E198B436800309FA4 /* Sources */ = {
			isa = PBXSourcesBuildPhase;
			buildActionMask = 2147483647;
			files = (
				C12EA260198B436900309FA4 /* GlucoseLinkTests.m in Sources */,
			);
			runOnlyForDeploymentPostprocessing = 0;
		};
/* End PBXSourcesBuildPhase section */

/* Begin PBXTargetDependency section */
		C12EA258198B436900309FA4 /* PBXTargetDependency */ = {
			isa = PBXTargetDependency;
			target = C12EA236198B436800309FA4 /* RileyLink */;
			targetProxy = C12EA257198B436900309FA4 /* PBXContainerItemProxy */;
		};
/* End PBXTargetDependency section */

/* Begin PBXVariantGroup section */
		C12EA243198B436800309FA4 /* InfoPlist.strings */ = {
			isa = PBXVariantGroup;
			children = (
				C12EA244198B436800309FA4 /* en */,
			);
			name = InfoPlist.strings;
			sourceTree = "<group>";
		};
		C12EA25C198B436900309FA4 /* InfoPlist.strings */ = {
			isa = PBXVariantGroup;
			children = (
				C12EA25D198B436900309FA4 /* en */,
			);
			name = InfoPlist.strings;
			sourceTree = "<group>";
		};
/* End PBXVariantGroup section */

/* Begin XCBuildConfiguration section */
		C12EA261198B436900309FA4 /* Debug */ = {
			isa = XCBuildConfiguration;
			buildSettings = {
				ALWAYS_SEARCH_USER_PATHS = NO;
				CLANG_CXX_LANGUAGE_STANDARD = "gnu++0x";
				CLANG_CXX_LIBRARY = "libc++";
				CLANG_ENABLE_MODULES = YES;
				CLANG_ENABLE_OBJC_ARC = YES;
				CLANG_WARN_BOOL_CONVERSION = YES;
				CLANG_WARN_CONSTANT_CONVERSION = YES;
				CLANG_WARN_DIRECT_OBJC_ISA_USAGE = YES_ERROR;
				CLANG_WARN_EMPTY_BODY = YES;
				CLANG_WARN_ENUM_CONVERSION = YES;
				CLANG_WARN_INT_CONVERSION = YES;
				CLANG_WARN_OBJC_ROOT_CLASS = YES_ERROR;
				CLANG_WARN__DUPLICATE_METHOD_MATCH = YES;
				COPY_PHASE_STRIP = NO;
				ENABLE_TESTABILITY = YES;
				GCC_C_LANGUAGE_STANDARD = gnu99;
				GCC_DYNAMIC_NO_PIC = NO;
				GCC_OPTIMIZATION_LEVEL = 0;
				GCC_PREPROCESSOR_DEFINITIONS = (
					"DEBUG=1",
					"$(inherited)",
				);
				GCC_SYMBOLS_PRIVATE_EXTERN = NO;
				GCC_WARN_64_TO_32_BIT_CONVERSION = YES;
				GCC_WARN_ABOUT_RETURN_TYPE = YES_ERROR;
				GCC_WARN_UNDECLARED_SELECTOR = YES;
				GCC_WARN_UNINITIALIZED_AUTOS = YES_AGGRESSIVE;
				GCC_WARN_UNUSED_FUNCTION = YES;
				GCC_WARN_UNUSED_VARIABLE = YES;
				IPHONEOS_DEPLOYMENT_TARGET = 8.2;
				ONLY_ACTIVE_ARCH = YES;
				SDKROOT = iphoneos;
				TARGETED_DEVICE_FAMILY = "1,2";
			};
			name = Debug;
		};
		C12EA262198B436900309FA4 /* Release */ = {
			isa = XCBuildConfiguration;
			buildSettings = {
				ALWAYS_SEARCH_USER_PATHS = NO;
				CLANG_CXX_LANGUAGE_STANDARD = "gnu++0x";
				CLANG_CXX_LIBRARY = "libc++";
				CLANG_ENABLE_MODULES = YES;
				CLANG_ENABLE_OBJC_ARC = YES;
				CLANG_WARN_BOOL_CONVERSION = YES;
				CLANG_WARN_CONSTANT_CONVERSION = YES;
				CLANG_WARN_DIRECT_OBJC_ISA_USAGE = YES_ERROR;
				CLANG_WARN_EMPTY_BODY = YES;
				CLANG_WARN_ENUM_CONVERSION = YES;
				CLANG_WARN_INT_CONVERSION = YES;
				CLANG_WARN_OBJC_ROOT_CLASS = YES_ERROR;
				CLANG_WARN__DUPLICATE_METHOD_MATCH = YES;
				COPY_PHASE_STRIP = YES;
				ENABLE_NS_ASSERTIONS = NO;
				GCC_C_LANGUAGE_STANDARD = gnu99;
				GCC_WARN_64_TO_32_BIT_CONVERSION = YES;
				GCC_WARN_ABOUT_RETURN_TYPE = YES_ERROR;
				GCC_WARN_UNDECLARED_SELECTOR = YES;
				GCC_WARN_UNINITIALIZED_AUTOS = YES_AGGRESSIVE;
				GCC_WARN_UNUSED_FUNCTION = YES;
				GCC_WARN_UNUSED_VARIABLE = YES;
				IPHONEOS_DEPLOYMENT_TARGET = 8.2;
				SDKROOT = iphoneos;
				TARGETED_DEVICE_FAMILY = "1,2";
				VALIDATE_PRODUCT = YES;
			};
			name = Release;
		};
		C12EA264198B436900309FA4 /* Debug */ = {
			isa = XCBuildConfiguration;
			buildSettings = {
				ASSETCATALOG_COMPILER_APPICON_NAME = AppIcon;
				CODE_SIGN_IDENTITY = "iPhone Developer";
				GCC_PRECOMPILE_PREFIX_HEADER = YES;
				GCC_PREFIX_HEADER = "GlucoseLink/RileyLink-Prefix.pch";
				INFOPLIST_FILE = "GlucoseLink/RileyLink-Info.plist";
				PRODUCT_BUNDLE_IDENTIFIER = "com.rileylink.$(PRODUCT_NAME:rfc1034identifier)";
				PRODUCT_NAME = RileyLink;
				PROVISIONING_PROFILE = "";
				WRAPPER_EXTENSION = app;
			};
			name = Debug;
		};
		C12EA265198B436900309FA4 /* Release */ = {
			isa = XCBuildConfiguration;
			buildSettings = {
				ASSETCATALOG_COMPILER_APPICON_NAME = AppIcon;
				CODE_SIGN_IDENTITY = "iPhone Developer";
				GCC_PRECOMPILE_PREFIX_HEADER = YES;
				GCC_PREFIX_HEADER = "GlucoseLink/RileyLink-Prefix.pch";
				INFOPLIST_FILE = "GlucoseLink/RileyLink-Info.plist";
				PRODUCT_BUNDLE_IDENTIFIER = "com.rileylink.$(PRODUCT_NAME:rfc1034identifier)";
				PRODUCT_NAME = RileyLink;
				PROVISIONING_PROFILE = "";
				WRAPPER_EXTENSION = app;
			};
			name = Release;
		};
		C12EA267198B436900309FA4 /* Debug */ = {
			isa = XCBuildConfiguration;
			buildSettings = {
				BUNDLE_LOADER = "$(BUILT_PRODUCTS_DIR)/RileyLink.app/RileyLink";
				CODE_SIGN_IDENTITY = "iPhone Developer";
				FRAMEWORK_SEARCH_PATHS = (
					"$(SDKROOT)/Developer/Library/Frameworks",
					"$(inherited)",
					"$(DEVELOPER_FRAMEWORKS_DIR)",
				);
				GCC_PRECOMPILE_PREFIX_HEADER = YES;
				GCC_PREFIX_HEADER = "GlucoseLink/RileyLink-Prefix.pch";
				GCC_PREPROCESSOR_DEFINITIONS = "$(inherited)";
				INFOPLIST_FILE = "GlucoseLinkTests/RileyLinkTests-Info.plist";
				PRODUCT_BUNDLE_IDENTIFIER = "com.glucoselink.${PRODUCT_NAME:rfc1034identifier}";
				PRODUCT_NAME = RileyLinkTests;
				TEST_HOST = "$(BUNDLE_LOADER)";
				WRAPPER_EXTENSION = xctest;
			};
			name = Debug;
		};
		C12EA268198B436900309FA4 /* Release */ = {
			isa = XCBuildConfiguration;
			buildSettings = {
				BUNDLE_LOADER = "$(BUILT_PRODUCTS_DIR)/RileyLink.app/RileyLink";
				CODE_SIGN_IDENTITY = "iPhone Developer";
				FRAMEWORK_SEARCH_PATHS = (
					"$(SDKROOT)/Developer/Library/Frameworks",
					"$(inherited)",
					"$(DEVELOPER_FRAMEWORKS_DIR)",
				);
				GCC_PRECOMPILE_PREFIX_HEADER = YES;
				GCC_PREFIX_HEADER = "GlucoseLink/RileyLink-Prefix.pch";
				INFOPLIST_FILE = "GlucoseLinkTests/RileyLinkTests-Info.plist";
				PRODUCT_BUNDLE_IDENTIFIER = "com.glucoselink.${PRODUCT_NAME:rfc1034identifier}";
				PRODUCT_NAME = RileyLinkTests;
				TEST_HOST = "$(BUNDLE_LOADER)";
				WRAPPER_EXTENSION = xctest;
			};
			name = Release;
		};
/* End XCBuildConfiguration section */

/* Begin XCConfigurationList section */
		C12EA232198B436800309FA4 /* Build configuration list for PBXProject "RileyLink" */ = {
			isa = XCConfigurationList;
			buildConfigurations = (
				C12EA261198B436900309FA4 /* Debug */,
				C12EA262198B436900309FA4 /* Release */,
			);
			defaultConfigurationIsVisible = 0;
			defaultConfigurationName = Release;
		};
		C12EA263198B436900309FA4 /* Build configuration list for PBXNativeTarget "RileyLink" */ = {
			isa = XCConfigurationList;
			buildConfigurations = (
				C12EA264198B436900309FA4 /* Debug */,
				C12EA265198B436900309FA4 /* Release */,
			);
			defaultConfigurationIsVisible = 0;
			defaultConfigurationName = Release;
		};
		C12EA266198B436900309FA4 /* Build configuration list for PBXNativeTarget "RileyLinkTests" */ = {
			isa = XCConfigurationList;
			buildConfigurations = (
				C12EA267198B436900309FA4 /* Debug */,
				C12EA268198B436900309FA4 /* Release */,
			);
			defaultConfigurationIsVisible = 0;
			defaultConfigurationName = Release;
		};
/* End XCConfigurationList section */

/* Begin XCVersionGroup section */
		C12616491B685F93001FAD87 /* RileyLink.xcdatamodeld */ = {
			isa = XCVersionGroup;
			children = (
				C126164A1B685F93001FAD87 /* RileyLink.xcdatamodel */,
			);
			currentVersion = C126164A1B685F93001FAD87 /* RileyLink.xcdatamodel */;
			path = RileyLink.xcdatamodeld;
			sourceTree = "<group>";
			versionGroupType = wrapper.xcdatamodel;
		};
/* End XCVersionGroup section */
	};
	rootObject = C12EA22F198B436800309FA4 /* Project object */;
}
